// !$*UTF8*$!
{
	archiveVersion = 1;
	classes = {
	};
	objectVersion = 77;
	objects = {

/* Begin PBXBuildFile section */
		86B3F8F42E26DF7900B1229C /* AppTabView.swift in Sources */ = {isa = PBXBuildFile; fileRef = 86B3F8EB2E26DF7900B1229C /* AppTabView.swift */; };
		86B3F8F62E26DF7900B1229C /* DubDubGrubApp.swift in Sources */ = {isa = PBXBuildFile; fileRef = 86B3F8EF2E26DF7900B1229C /* DubDubGrubApp.swift */; };
		86B3F8F72E26DF7900B1229C /* LocationListView.swift in Sources */ = {isa = PBXBuildFile; fileRef = 86B3F8F02E26DF7900B1229C /* LocationListView.swift */; };
		86B3F8F82E26DF7900B1229C /* LocationMapView.swift in Sources */ = {isa = PBXBuildFile; fileRef = 86B3F8F12E26DF7900B1229C /* LocationMapView.swift */; };
		86B3F8F92E26DF7900B1229C /* ProfileView.swift in Sources */ = {isa = PBXBuildFile; fileRef = 86B3F8F22E26DF7900B1229C /* ProfileView.swift */; };
		86B3F8FA2E26DF7900B1229C /* Assets.xcassets in Resources */ = {isa = PBXBuildFile; fileRef = 86B3F8EC2E26DF7900B1229C /* Assets.xcassets */; };
		86B6828F2E293979002DFEB6 /* LocationDetailView.swift in Sources */ = {isa = PBXBuildFile; fileRef = 86B6828E2E293979002DFEB6 /* LocationDetailView.swift */; };
		86B682912E2949D5002DFEB6 /* AvatarView.swift in Sources */ = {isa = PBXBuildFile; fileRef = 86B682902E2949D5002DFEB6 /* AvatarView.swift */; };
		86B682932E294AA6002DFEB6 /* FirstNameAvatarView.swift in Sources */ = {isa = PBXBuildFile; fileRef = 86B682922E294AA6002DFEB6 /* FirstNameAvatarView.swift */; };
		86B682952E294D18002DFEB6 /* LocationCell.swift in Sources */ = {isa = PBXBuildFile; fileRef = 86B682942E294D18002DFEB6 /* LocationCell.swift */; };
		86B682972E29787B002DFEB6 /* Color+Ext.swift in Sources */ = {isa = PBXBuildFile; fileRef = 86B682962E29787B002DFEB6 /* Color+Ext.swift */; };
		86B682992E297979002DFEB6 /* LogoView.swift in Sources */ = {isa = PBXBuildFile; fileRef = 86B682982E297979002DFEB6 /* LogoView.swift */; };
		86B6829B2E297A5E002DFEB6 /* LocationActionButton.swift in Sources */ = {isa = PBXBuildFile; fileRef = 86B6829A2E297A5E002DFEB6 /* LocationActionButton.swift */; };
		86B6829D2E297D46002DFEB6 /* CustomModifiers.swift in Sources */ = {isa = PBXBuildFile; fileRef = 86B6829C2E297D46002DFEB6 /* CustomModifiers.swift */; };
/* End PBXBuildFile section */

/* Begin PBXFileReference section */
		86B3F8CE2E26C74D00B1229C /* DubDubGrub.app */ = {isa = PBXFileReference; explicitFileType = wrapper.application; includeInIndex = 0; path = DubDubGrub.app; sourceTree = BUILT_PRODUCTS_DIR; };
		86B3F8EB2E26DF7900B1229C /* AppTabView.swift */ = {isa = PBXFileReference; lastKnownFileType = sourcecode.swift; path = AppTabView.swift; sourceTree = "<group>"; };
		86B3F8EC2E26DF7900B1229C /* Assets.xcassets */ = {isa = PBXFileReference; lastKnownFileType = folder.assetcatalog; path = Assets.xcassets; sourceTree = "<group>"; };
		86B3F8EE2E26DF7900B1229C /* DubDubGrub.entitlements */ = {isa = PBXFileReference; lastKnownFileType = text.plist.entitlements; path = DubDubGrub.entitlements; sourceTree = "<group>"; };
		86B3F8EF2E26DF7900B1229C /* DubDubGrubApp.swift */ = {isa = PBXFileReference; lastKnownFileType = sourcecode.swift; path = DubDubGrubApp.swift; sourceTree = "<group>"; };
		86B3F8F02E26DF7900B1229C /* LocationListView.swift */ = {isa = PBXFileReference; lastKnownFileType = sourcecode.swift; path = LocationListView.swift; sourceTree = "<group>"; };
		86B3F8F12E26DF7900B1229C /* LocationMapView.swift */ = {isa = PBXFileReference; lastKnownFileType = sourcecode.swift; path = LocationMapView.swift; sourceTree = "<group>"; };
		86B3F8F22E26DF7900B1229C /* ProfileView.swift */ = {isa = PBXFileReference; lastKnownFileType = sourcecode.swift; path = ProfileView.swift; sourceTree = "<group>"; };
		86B6828E2E293979002DFEB6 /* LocationDetailView.swift */ = {isa = PBXFileReference; lastKnownFileType = sourcecode.swift; path = LocationDetailView.swift; sourceTree = "<group>"; };
		86B682902E2949D5002DFEB6 /* AvatarView.swift */ = {isa = PBXFileReference; lastKnownFileType = sourcecode.swift; path = AvatarView.swift; sourceTree = "<group>"; };
		86B682922E294AA6002DFEB6 /* FirstNameAvatarView.swift */ = {isa = PBXFileReference; lastKnownFileType = sourcecode.swift; path = FirstNameAvatarView.swift; sourceTree = "<group>"; };
		86B682942E294D18002DFEB6 /* LocationCell.swift */ = {isa = PBXFileReference; lastKnownFileType = sourcecode.swift; path = LocationCell.swift; sourceTree = "<group>"; };
		86B682962E29787B002DFEB6 /* Color+Ext.swift */ = {isa = PBXFileReference; lastKnownFileType = sourcecode.swift; path = "Color+Ext.swift"; sourceTree = "<group>"; };
		86B682982E297979002DFEB6 /* LogoView.swift */ = {isa = PBXFileReference; lastKnownFileType = sourcecode.swift; path = LogoView.swift; sourceTree = "<group>"; };
		86B6829A2E297A5E002DFEB6 /* LocationActionButton.swift */ = {isa = PBXFileReference; lastKnownFileType = sourcecode.swift; path = LocationActionButton.swift; sourceTree = "<group>"; };
		86B6829C2E297D46002DFEB6 /* CustomModifiers.swift */ = {isa = PBXFileReference; lastKnownFileType = sourcecode.swift; path = CustomModifiers.swift; sourceTree = "<group>"; };
/* End PBXFileReference section */

/* Begin PBXFrameworksBuildPhase section */
		86B3F8CB2E26C74D00B1229C /* Frameworks */ = {
			isa = PBXFrameworksBuildPhase;
			buildActionMask = 2147483647;
			files = (
			);
			runOnlyForDeploymentPostprocessing = 0;
		};
/* End PBXFrameworksBuildPhase section */

/* Begin PBXGroup section */
		86B3F8C52E26C74D00B1229C = {
			isa = PBXGroup;
			children = (
				86B3F8F32E26DF7900B1229C /* DubDubGrub */,
				86B3F8CF2E26C74D00B1229C /* Products */,
			);
			sourceTree = "<group>";
		};
		86B3F8CF2E26C74D00B1229C /* Products */ = {
			isa = PBXGroup;
			children = (
				86B3F8CE2E26C74D00B1229C /* DubDubGrub.app */,
			);
			name = Products;
			sourceTree = "<group>";
		};
		86B3F8F32E26DF7900B1229C /* DubDubGrub */ = {
			isa = PBXGroup;
			children = (
				86B6829F2E2984A5002DFEB6 /* Views */,
				86B6829E2E29847E002DFEB6 /* Extension */,
				86B3F8EC2E26DF7900B1229C /* Assets.xcassets */,
				86B3F8EE2E26DF7900B1229C /* DubDubGrub.entitlements */,
				86B3F8EF2E26DF7900B1229C /* DubDubGrubApp.swift */,
			);
			path = DubDubGrub;
			sourceTree = "<group>";
		};
		86B6829E2E29847E002DFEB6 /* Extension */ = {
			isa = PBXGroup;
			children = (
				86B682962E29787B002DFEB6 /* Color+Ext.swift */,
			);
			path = Extension;
			sourceTree = "<group>";
		};
		86B6829F2E2984A5002DFEB6 /* Views */ = {
			isa = PBXGroup;
			children = (
				86B6829C2E297D46002DFEB6 /* CustomModifiers.swift */,
				86B682A22E2984F9002DFEB6 /* CustomView */,
				86B682A12E2984EA002DFEB6 /* Cells */,
				86B682A02E2984B0002DFEB6 /* Screens */,
			);
			path = Views;
			sourceTree = "<group>";
		};
		86B682A02E2984B0002DFEB6 /* Screens */ = {
			isa = PBXGroup;
			children = (
				86B3F8EB2E26DF7900B1229C /* AppTabView.swift */,
				86B3F8F02E26DF7900B1229C /* LocationListView.swift */,
				86B3F8F12E26DF7900B1229C /* LocationMapView.swift */,
				86B3F8F22E26DF7900B1229C /* ProfileView.swift */,
				86B6828E2E293979002DFEB6 /* LocationDetailView.swift */,
			);
			path = Screens;
			sourceTree = "<group>";
		};
		86B682A12E2984EA002DFEB6 /* Cells */ = {
			isa = PBXGroup;
			children = (
				86B682942E294D18002DFEB6 /* LocationCell.swift */,
			);
			path = Cells;
			sourceTree = "<group>";
		};
		86B682A22E2984F9002DFEB6 /* CustomView */ = {
			isa = PBXGroup;
			children = (
				86B682982E297979002DFEB6 /* LogoView.swift */,
				86B682922E294AA6002DFEB6 /* FirstNameAvatarView.swift */,
				86B682902E2949D5002DFEB6 /* AvatarView.swift */,
				86B6829A2E297A5E002DFEB6 /* LocationActionButton.swift */,
			);
			path = CustomView;
			sourceTree = "<group>";
		};
/* End PBXGroup section */

/* Begin PBXNativeTarget section */
		86B3F8CD2E26C74D00B1229C /* DubDubGrub */ = {
			isa = PBXNativeTarget;
			buildConfigurationList = 86B3F8D92E26C74F00B1229C /* Build configuration list for PBXNativeTarget "DubDubGrub" */;
			buildPhases = (
				86B3F8CA2E26C74D00B1229C /* Sources */,
				86B3F8CB2E26C74D00B1229C /* Frameworks */,
				86B3F8CC2E26C74D00B1229C /* Resources */,
			);
			buildRules = (
			);
			dependencies = (
			);
			name = DubDubGrub;
			packageProductDependencies = (
			);
			productName = DubDubGrub;
			productReference = 86B3F8CE2E26C74D00B1229C /* DubDubGrub.app */;
			productType = "com.apple.product-type.application";
		};
/* End PBXNativeTarget section */

/* Begin PBXProject section */
		86B3F8C62E26C74D00B1229C /* Project object */ = {
			isa = PBXProject;
			attributes = {
				BuildIndependentTargetsInParallel = 1;
				LastSwiftUpdateCheck = 1640;
				LastUpgradeCheck = 1640;
				TargetAttributes = {
					86B3F8CD2E26C74D00B1229C = {
						CreatedOnToolsVersion = 16.4;
					};
				};
			};
			buildConfigurationList = 86B3F8C92E26C74D00B1229C /* Build configuration list for PBXProject "DubDubGrub" */;
			developmentRegion = en;
			hasScannedForEncodings = 0;
			knownRegions = (
				en,
				Base,
			);
			mainGroup = 86B3F8C52E26C74D00B1229C;
			minimizedProjectReferenceProxies = 1;
			preferredProjectObjectVersion = 77;
			productRefGroup = 86B3F8CF2E26C74D00B1229C /* Products */;
			projectDirPath = "";
			projectRoot = "";
			targets = (
				86B3F8CD2E26C74D00B1229C /* DubDubGrub */,
			);
		};
/* End PBXProject section */

/* Begin PBXResourcesBuildPhase section */
		86B3F8CC2E26C74D00B1229C /* Resources */ = {
			isa = PBXResourcesBuildPhase;
			buildActionMask = 2147483647;
			files = (
				86B3F8FA2E26DF7900B1229C /* Assets.xcassets in Resources */,
			);
			runOnlyForDeploymentPostprocessing = 0;
		};
/* End PBXResourcesBuildPhase section */

/* Begin PBXSourcesBuildPhase section */
		86B3F8CA2E26C74D00B1229C /* Sources */ = {
			isa = PBXSourcesBuildPhase;
			buildActionMask = 2147483647;
			files = (
				86B6828F2E293979002DFEB6 /* LocationDetailView.swift in Sources */,
				86B3F8F42E26DF7900B1229C /* AppTabView.swift in Sources */,
				86B682992E297979002DFEB6 /* LogoView.swift in Sources */,
				86B682912E2949D5002DFEB6 /* AvatarView.swift in Sources */,
				86B3F8F62E26DF7900B1229C /* DubDubGrubApp.swift in Sources */,
				86B3F8F72E26DF7900B1229C /* LocationListView.swift in Sources */,
				86B3F8F82E26DF7900B1229C /* LocationMapView.swift in Sources */,
				86B682952E294D18002DFEB6 /* LocationCell.swift in Sources */,
				86B6829D2E297D46002DFEB6 /* CustomModifiers.swift in Sources */,
				86B6829B2E297A5E002DFEB6 /* LocationActionButton.swift in Sources */,
				86B3F8F92E26DF7900B1229C /* ProfileView.swift in Sources */,
				86B682932E294AA6002DFEB6 /* FirstNameAvatarView.swift in Sources */,
				86B682972E29787B002DFEB6 /* Color+Ext.swift in Sources */,
			);
			runOnlyForDeploymentPostprocessing = 0;
		};
/* End PBXSourcesBuildPhase section */

/* Begin XCBuildConfiguration section */
		86B3F8D72E26C74F00B1229C /* Debug */ = {
			isa = XCBuildConfiguration;
			buildSettings = {
				ALWAYS_SEARCH_USER_PATHS = NO;
				ASSETCATALOG_COMPILER_GENERATE_SWIFT_ASSET_SYMBOL_EXTENSIONS = YES;
				CLANG_ANALYZER_NONNULL = YES;
				CLANG_ANALYZER_NUMBER_OBJECT_CONVERSION = YES_AGGRESSIVE;
				CLANG_CXX_LANGUAGE_STANDARD = "gnu++20";
				CLANG_ENABLE_MODULES = YES;
				CLANG_ENABLE_OBJC_ARC = YES;
				CLANG_ENABLE_OBJC_WEAK = YES;
				CLANG_WARN_BLOCK_CAPTURE_AUTORELEASING = YES;
				CLANG_WARN_BOOL_CONVERSION = YES;
				CLANG_WARN_COMMA = YES;
				CLANG_WARN_CONSTANT_CONVERSION = YES;
				CLANG_WARN_DEPRECATED_OBJC_IMPLEMENTATIONS = YES;
				CLANG_WARN_DIRECT_OBJC_ISA_USAGE = YES_ERROR;
				CLANG_WARN_DOCUMENTATION_COMMENTS = YES;
				CLANG_WARN_EMPTY_BODY = YES;
				CLANG_WARN_ENUM_CONVERSION = YES;
				CLANG_WARN_INFINITE_RECURSION = YES;
				CLANG_WARN_INT_CONVERSION = YES;
				CLANG_WARN_NON_LITERAL_NULL_CONVERSION = YES;
				CLANG_WARN_OBJC_IMPLICIT_RETAIN_SELF = YES;
				CLANG_WARN_OBJC_LITERAL_CONVERSION = YES;
				CLANG_WARN_OBJC_ROOT_CLASS = YES_ERROR;
				CLANG_WARN_QUOTED_INCLUDE_IN_FRAMEWORK_HEADER = YES;
				CLANG_WARN_RANGE_LOOP_ANALYSIS = YES;
				CLANG_WARN_STRICT_PROTOTYPES = YES;
				CLANG_WARN_SUSPICIOUS_MOVE = YES;
				CLANG_WARN_UNGUARDED_AVAILABILITY = YES_AGGRESSIVE;
				CLANG_WARN_UNREACHABLE_CODE = YES;
				CLANG_WARN__DUPLICATE_METHOD_MATCH = YES;
				COPY_PHASE_STRIP = NO;
				DEBUG_INFORMATION_FORMAT = dwarf;
				DEVELOPMENT_TEAM = 7ZK4W3ZNK9;
				ENABLE_STRICT_OBJC_MSGSEND = YES;
				ENABLE_TESTABILITY = YES;
				ENABLE_USER_SCRIPT_SANDBOXING = YES;
				GCC_C_LANGUAGE_STANDARD = gnu17;
				GCC_DYNAMIC_NO_PIC = NO;
				GCC_NO_COMMON_BLOCKS = YES;
				GCC_OPTIMIZATION_LEVEL = 0;
				GCC_PREPROCESSOR_DEFINITIONS = (
					"DEBUG=1",
					"$(inherited)",
				);
				GCC_WARN_64_TO_32_BIT_CONVERSION = YES;
				GCC_WARN_ABOUT_RETURN_TYPE = YES_ERROR;
				GCC_WARN_UNDECLARED_SELECTOR = YES;
				GCC_WARN_UNINITIALIZED_AUTOS = YES_AGGRESSIVE;
				GCC_WARN_UNUSED_FUNCTION = YES;
				GCC_WARN_UNUSED_VARIABLE = YES;
				IPHONEOS_DEPLOYMENT_TARGET = 18.5;
				LOCALIZATION_PREFERS_STRING_CATALOGS = YES;
				MTL_ENABLE_DEBUG_INFO = INCLUDE_SOURCE;
				MTL_FAST_MATH = YES;
				ONLY_ACTIVE_ARCH = YES;
				SDKROOT = iphoneos;
				SWIFT_ACTIVE_COMPILATION_CONDITIONS = "DEBUG $(inherited)";
				SWIFT_OPTIMIZATION_LEVEL = "-Onone";
			};
			name = Debug;
		};
		86B3F8D82E26C74F00B1229C /* Release */ = {
			isa = XCBuildConfiguration;
			buildSettings = {
				ALWAYS_SEARCH_USER_PATHS = NO;
				ASSETCATALOG_COMPILER_GENERATE_SWIFT_ASSET_SYMBOL_EXTENSIONS = YES;
				CLANG_ANALYZER_NONNULL = YES;
				CLANG_ANALYZER_NUMBER_OBJECT_CONVERSION = YES_AGGRESSIVE;
				CLANG_CXX_LANGUAGE_STANDARD = "gnu++20";
				CLANG_ENABLE_MODULES = YES;
				CLANG_ENABLE_OBJC_ARC = YES;
				CLANG_ENABLE_OBJC_WEAK = YES;
				CLANG_WARN_BLOCK_CAPTURE_AUTORELEASING = YES;
				CLANG_WARN_BOOL_CONVERSION = YES;
				CLANG_WARN_COMMA = YES;
				CLANG_WARN_CONSTANT_CONVERSION = YES;
				CLANG_WARN_DEPRECATED_OBJC_IMPLEMENTATIONS = YES;
				CLANG_WARN_DIRECT_OBJC_ISA_USAGE = YES_ERROR;
				CLANG_WARN_DOCUMENTATION_COMMENTS = YES;
				CLANG_WARN_EMPTY_BODY = YES;
				CLANG_WARN_ENUM_CONVERSION = YES;
				CLANG_WARN_INFINITE_RECURSION = YES;
				CLANG_WARN_INT_CONVERSION = YES;
				CLANG_WARN_NON_LITERAL_NULL_CONVERSION = YES;
				CLANG_WARN_OBJC_IMPLICIT_RETAIN_SELF = YES;
				CLANG_WARN_OBJC_LITERAL_CONVERSION = YES;
				CLANG_WARN_OBJC_ROOT_CLASS = YES_ERROR;
				CLANG_WARN_QUOTED_INCLUDE_IN_FRAMEWORK_HEADER = YES;
				CLANG_WARN_RANGE_LOOP_ANALYSIS = YES;
				CLANG_WARN_STRICT_PROTOTYPES = YES;
				CLANG_WARN_SUSPICIOUS_MOVE = YES;
				CLANG_WARN_UNGUARDED_AVAILABILITY = YES_AGGRESSIVE;
				CLANG_WARN_UNREACHABLE_CODE = YES;
				CLANG_WARN__DUPLICATE_METHOD_MATCH = YES;
				COPY_PHASE_STRIP = NO;
				DEBUG_INFORMATION_FORMAT = "dwarf-with-dsym";
				DEVELOPMENT_TEAM = 7ZK4W3ZNK9;
				ENABLE_NS_ASSERTIONS = NO;
				ENABLE_STRICT_OBJC_MSGSEND = YES;
				ENABLE_USER_SCRIPT_SANDBOXING = YES;
				GCC_C_LANGUAGE_STANDARD = gnu17;
				GCC_NO_COMMON_BLOCKS = YES;
				GCC_WARN_64_TO_32_BIT_CONVERSION = YES;
				GCC_WARN_ABOUT_RETURN_TYPE = YES_ERROR;
				GCC_WARN_UNDECLARED_SELECTOR = YES;
				GCC_WARN_UNINITIALIZED_AUTOS = YES_AGGRESSIVE;
				GCC_WARN_UNUSED_FUNCTION = YES;
				GCC_WARN_UNUSED_VARIABLE = YES;
				IPHONEOS_DEPLOYMENT_TARGET = 18.5;
				LOCALIZATION_PREFERS_STRING_CATALOGS = YES;
				MTL_ENABLE_DEBUG_INFO = NO;
				MTL_FAST_MATH = YES;
				SDKROOT = iphoneos;
				SWIFT_COMPILATION_MODE = wholemodule;
				VALIDATE_PRODUCT = YES;
			};
			name = Release;
		};
		86B3F8DA2E26C74F00B1229C /* Debug */ = {
			isa = XCBuildConfiguration;
			buildSettings = {
				ASSETCATALOG_COMPILER_APPICON_NAME = AppIcon;
				ASSETCATALOG_COMPILER_GLOBAL_ACCENT_COLOR_NAME = AccentColor;
				CODE_SIGN_ENTITLEMENTS = DubDubGrub/DubDubGrub.entitlements;
				CODE_SIGN_STYLE = Automatic;
				CURRENT_PROJECT_VERSION = 1;
				DEVELOPMENT_TEAM = 7ZK4W3ZNK9;
				ENABLE_PREVIEWS = YES;
				GENERATE_INFOPLIST_FILE = YES;
				INFOPLIST_KEY_UIApplicationSceneManifest_Generation = YES;
				INFOPLIST_KEY_UIApplicationSupportsIndirectInputEvents = YES;
				INFOPLIST_KEY_UILaunchScreen_Generation = YES;
				INFOPLIST_KEY_UISupportedInterfaceOrientations_iPad = "UIInterfaceOrientationPortrait UIInterfaceOrientationPortraitUpsideDown UIInterfaceOrientationLandscapeLeft UIInterfaceOrientationLandscapeRight";
				INFOPLIST_KEY_UISupportedInterfaceOrientations_iPhone = "UIInterfaceOrientationPortrait UIInterfaceOrientationLandscapeLeft UIInterfaceOrientationLandscapeRight";
				LD_RUNPATH_SEARCH_PATHS = (
					"$(inherited)",
					"@executable_path/Frameworks",
				);
				MARKETING_VERSION = 1.0;
				PRODUCT_BUNDLE_IDENTIFIER = DmytroSokotniuk.DubDubGrub;
				PRODUCT_NAME = "$(TARGET_NAME)";
				SWIFT_EMIT_LOC_STRINGS = YES;
				SWIFT_VERSION = 5.0;
				TARGETED_DEVICE_FAMILY = "1,2";
			};
			name = Debug;
		};
		86B3F8DB2E26C74F00B1229C /* Release */ = {
			isa = XCBuildConfiguration;
			buildSettings = {
				ASSETCATALOG_COMPILER_APPICON_NAME = AppIcon;
				ASSETCATALOG_COMPILER_GLOBAL_ACCENT_COLOR_NAME = AccentColor;
				CODE_SIGN_ENTITLEMENTS = DubDubGrub/DubDubGrub.entitlements;
				CODE_SIGN_STYLE = Automatic;
				CURRENT_PROJECT_VERSION = 1;
				DEVELOPMENT_TEAM = 7ZK4W3ZNK9;
				ENABLE_PREVIEWS = YES;
				GENERATE_INFOPLIST_FILE = YES;
				INFOPLIST_KEY_UIApplicationSceneManifest_Generation = YES;
				INFOPLIST_KEY_UIApplicationSupportsIndirectInputEvents = YES;
				INFOPLIST_KEY_UILaunchScreen_Generation = YES;
				INFOPLIST_KEY_UISupportedInterfaceOrientations_iPad = "UIInterfaceOrientationPortrait UIInterfaceOrientationPortraitUpsideDown UIInterfaceOrientationLandscapeLeft UIInterfaceOrientationLandscapeRight";
				INFOPLIST_KEY_UISupportedInterfaceOrientations_iPhone = "UIInterfaceOrientationPortrait UIInterfaceOrientationLandscapeLeft UIInterfaceOrientationLandscapeRight";
				LD_RUNPATH_SEARCH_PATHS = (
					"$(inherited)",
					"@executable_path/Frameworks",
				);
				MARKETING_VERSION = 1.0;
				PRODUCT_BUNDLE_IDENTIFIER = DmytroSokotniuk.DubDubGrub;
				PRODUCT_NAME = "$(TARGET_NAME)";
				SWIFT_EMIT_LOC_STRINGS = YES;
				SWIFT_VERSION = 5.0;
				TARGETED_DEVICE_FAMILY = "1,2";
			};
			name = Release;
		};
/* End XCBuildConfiguration section */

/* Begin XCConfigurationList section */
		86B3F8C92E26C74D00B1229C /* Build configuration list for PBXProject "DubDubGrub" */ = {
			isa = XCConfigurationList;
			buildConfigurations = (
				86B3F8D72E26C74F00B1229C /* Debug */,
				86B3F8D82E26C74F00B1229C /* Release */,
			);
			defaultConfigurationIsVisible = 0;
			defaultConfigurationName = Release;
		};
		86B3F8D92E26C74F00B1229C /* Build configuration list for PBXNativeTarget "DubDubGrub" */ = {
			isa = XCConfigurationList;
			buildConfigurations = (
				86B3F8DA2E26C74F00B1229C /* Debug */,
				86B3F8DB2E26C74F00B1229C /* Release */,
			);
			defaultConfigurationIsVisible = 0;
			defaultConfigurationName = Release;
		};
/* End XCConfigurationList section */
	};
	rootObject = 86B3F8C62E26C74D00B1229C /* Project object */;
}
